PODS:
  - AFNetworking (2.5.4):
    - AFNetworking/NSURLConnection (= 2.5.4)
    - AFNetworking/NSURLSession (= 2.5.4)
    - AFNetworking/Reachability (= 2.5.4)
    - AFNetworking/Security (= 2.5.4)
    - AFNetworking/Serialization (= 2.5.4)
    - AFNetworking/UIKit (= 2.5.4)
  - AFNetworking/NSURLConnection (2.5.4):
    - AFNetworking/Reachability
    - AFNetworking/Security
    - AFNetworking/Serialization
  - AFNetworking/NSURLSession (2.5.4):
    - AFNetworking/Reachability
    - AFNetworking/Security
    - AFNetworking/Serialization
  - AFNetworking/Reachability (2.5.4)
  - AFNetworking/Security (2.5.4)
  - AFNetworking/Serialization (2.5.4)
  - AFNetworking/UIKit (2.5.4):
    - AFNetworking/NSURLConnection
    - AFNetworking/NSURLSession
  - GreedJSON (0.0.8)
  - GreedNetwork (0.0.2):
    - AFNetworking
    - GreedJSON

DEPENDENCIES:
  - GreedNetwork (from `./`)

EXTERNAL SOURCES:
  GreedNetwork:
    :path: ./

SPEC CHECKSUMS:
  AFNetworking: 05edc0ac4c4c8cf57bcf4b84be5b0744b6d8e71e
  GreedJSON: 1c5ee1f49ef3fc3a564031f7c7ca6a7b4b0ed2ba
  GreedNetwork: 1e82c36cdeca8eb2d1063339ba16209dd0336b91

COCOAPODS: 0.39.0
